{
  "version": 4,
  "terraform_version": "1.1.5",
  "serial": 48,
  "lineage": "82f2b87c-210a-3cd9-4629-18993b499673",
  "outputs": {
    "cluster_external_v4_endpoint": {
      "value": "https://158.160.48.2",
      "type": "string"
    }
  },
  "resources": [
    {
      "mode": "managed",
      "type": "yandex_kubernetes_cluster",
      "name": "k8s-cluster",
      "provider": "provider[\"registry.terraform.io/yandex-cloud/yandex\"]",
      "instances": [
        {
          "schema_version": 0,
          "attributes": {
            "cluster_ipv4_range": "10.112.0.0/16",
            "cluster_ipv6_range": "",
            "created_at": "2023-03-27T09:51:25Z",
            "description": "",
            "folder_id": "b1gf0t46quh91ma3q0m1",
            "health": "healthy",
            "id": "cat2qmhrkn6ang9b6ij8",
            "kms_provider": [],
            "labels": {},
            "log_group_id": "ckgpc61i0vd4pir5vlk2",
            "master": [
              {
                "cluster_ca_certificate": "-----BEGIN CERTIFICATE-----\nMIIC5zCCAc+gAwIBAgIBADANBgkqhkiG9w0BAQsFADAVMRMwEQYDVQQDEwprdWJl\ncm5ldGVzMB4XDTIzMDMyNzA5NTEyOFoXDTMzMDMyNDA5NTEyOFowFTETMBEGA1UE\nAxMKa3ViZXJuZXRlczCCASIwDQYJKoZIhvcNAQEBBQADggEPADCCAQoCggEBAM7+\njnT9Cc+sDX5Qv1AgXo6ivTYn3Xw4/LR23hISN3YvSk2DPVaNnL80fSvwkZcvHKtg\n0jDRsjDyFktoqjGf3k1ptEiuDhDyJFuvuMtphqnrMn/6UcNaYH3FVP2FqWw4siPa\nT+6NqrUmzap93cdRpio7eW/mS5P2/+rxPoGDcN9M6o3LsMrAVcW1Y9P4bMcGzIGS\nkx2DvmnawpJ2AxZGGEcJFXaJvULsU1wgla7nAoXvwL9Su0gbj9JHELrlne4Zn3TK\nrlAZW2+nTxu7fVL7/I02GTYLp/Ve9ZiGGjKn8SARtbw3T1p1blcn8RCEK/QRpwa9\nTCVkNHYL2zyyZ3GT7pUCAwEAAaNCMEAwDgYDVR0PAQH/BAQDAgKkMA8GA1UdEwEB\n/wQFMAMBAf8wHQYDVR0OBBYEFHVNRenliR2DadTRLqap6rwtttIQMA0GCSqGSIb3\nDQEBCwUAA4IBAQCvk7DMMQYl1R1RAOTCxvZkryrq0X13HYwcjdnGE01dxM5hvU6E\nEsLn3v1T92mA32eCVKX3blKZ5BB/pKkxOgQmnnfbImFylmqUeAu40CW8Ft4IYtQU\nGt5Yq5xCG1GLldFgLrLFpNoQUiK0hb8BTPHdyd5hWLe3KLJ904Ycf8KSv4x3DYM1\n4VMnAih6Np0QD4uF6jaTFMFE5OaV+nSiH+CSRK7R/iiCxdYufN4VuLtvUXHC68SK\nrXNNGrGo1v/mtXUin606H46lqWi5Mv/gPa363FCQfepKqEDTReeB6Jry/EWsQ9Wp\nlqLBQapdFkonCAOO4zWoXLDEeyxq/SIYZ2cy\n-----END CERTIFICATE-----\n",
                "external_v4_address": "158.160.48.2",
                "external_v4_endpoint": "https://158.160.48.2",
                "internal_v4_address": "10.128.0.27",
                "internal_v4_endpoint": "https://10.128.0.27",
                "maintenance_policy": [
                  {
                    "auto_upgrade": true,
                    "maintenance_window": []
                  }
                ],
                "public_ip": true,
                "regional": [],
                "security_group_ids": null,
                "version": "1.24",
                "version_info": [
                  {
                    "current_version": "1.24",
                    "new_revision_available": false,
                    "new_revision_summary": "",
                    "version_deprecated": false
                  }
                ],
                "zonal": [
                  {
                    "subnet_id": "e9bmlk8v6q1ggh0iv0m8",
                    "zone": "ru-central1-a"
                  }
                ]
              }
            ],
            "name": "k8s-otus",
            "network_id": "enp67lv83b2vf4bjd1fu",
            "network_implementation": [],
            "network_policy_provider": "CALICO",
            "node_ipv4_cidr_mask_size": 24,
            "node_service_account_id": "aje4mkkkmtnektkhf0kp",
            "release_channel": "RAPID",
            "service_account_id": "aje4mkkkmtnektkhf0kp",
            "service_ipv4_range": "10.96.0.0/16",
            "service_ipv6_range": "",
            "status": "running",
            "timeouts": null
          },
          "sensitive_attributes": [],
          "private": "eyJlMmJmYjczMC1lY2FhLTExZTYtOGY4OC0zNDM2M2JjN2M0YzAiOnsiY3JlYXRlIjoxODAwMDAwMDAwMDAwLCJkZWxldGUiOjEyMDAwMDAwMDAwMDAsInJlYWQiOjMwMDAwMDAwMDAwMCwidXBkYXRlIjoxODAwMDAwMDAwMDAwfX0="
        }
      ]
    },
    {
      "mode": "managed",
      "type": "yandex_kubernetes_node_group",
      "name": "default-pool",
      "provider": "provider[\"registry.terraform.io/yandex-cloud/yandex\"]",
      "instances": [
        {
          "schema_version": 0,
          "attributes": {
            "allocation_policy": [
              {
                "location": [
                  {
                    "subnet_id": "e9bmlk8v6q1ggh0iv0m8",
                    "zone": "ru-central1-a"
                  }
                ]
              }
            ],
            "allowed_unsafe_sysctls": null,
            "cluster_id": "cat2qmhrkn6ang9b6ij8",
            "created_at": "2023-03-27T09:59:49Z",
            "deploy_policy": [
              {
                "max_expansion": 3,
                "max_unavailable": 0
              }
            ],
            "description": "",
            "id": "cateodf11pm7oqj3lrpo",
            "instance_group_id": "cl1pjqspll558oambq8j",
            "instance_template": [
              {
                "boot_disk": [
                  {
                    "size": 93,
                    "type": "network-hdd"
                  }
                ],
                "container_runtime": [
                  {
                    "type": "containerd"
                  }
                ],
                "metadata": {
                  "ssh-keys": "appuser:ssh-rsa AAAAB3NzaC1yc2EAAAADAQABAAABgQCwPD7TJq7rkmQIiu+4+FSEFY83BDA6l/UYhnDOl063z/QyOdGIbX6KbGqfzeV2rh+/HmMgZxyH9OQoGsU6YlDP/DUGWxGSXK3B2Mn4huWD3cxLcJcSq8unSu9WCFXi36cnXDmwfRVp8I6nKplI8nMhxHohyvlqI7dEUu2Nd/woQsxcfbUd3/vSDLO+ngbSzJkyBfAypEu40S7xwROBvdT1q7pH3tmzbHA8Fk4RubMBwRKLd+2466loHY4q/ZRq+9YwKbti1i+QzhsdS4zswj2EH6uqljema1JdvSNgLe1d10f1GIm0RczZGCY+tjGSMxx/9gNcHfs6oxeIqJJ/5ZNOBF7KPaFzUq37B3inbjKdIkMH9IPVHEUix2X6b/mneAPlACR4ZvCFvMdgNuKB4DlUl3w2ci1kBm6PGwt+QaInFtPRIuYKXshNfgknaCvt3cYZD4z2SoDS1PUDwqNau8gJ9Ro9Jza1Lh0yQbHQo2GyXmOrMOFbnU4FDlwNntRQ1Sk= lookus@ubuntu20\n"
                },
                "nat": true,
                "network_acceleration_type": "type_unspecified",
                "network_interface": [
                  {
                    "ipv4": true,
                    "ipv6": false,
                    "nat": true,
                    "security_group_ids": null,
                    "subnet_ids": [
                      "e9bmlk8v6q1ggh0iv0m8"
                    ]
                  }
                ],
                "placement_policy": [],
                "platform_id": "standard-v2",
                "resources": [
                  {
                    "core_fraction": 100,
                    "cores": 2,
                    "gpus": 0,
                    "memory": 8
                  }
                ],
                "scheduling_policy": [
                  {
                    "preemptible": false
                  }
                ]
              }
            ],
            "labels": {},
            "maintenance_policy": [
              {
                "auto_repair": true,
                "auto_upgrade": true,
                "maintenance_window": []
              }
            ],
            "name": "default-pool",
            "node_labels": null,
            "node_taints": null,
            "scale_policy": [
              {
                "auto_scale": [
                  {
                    "initial": 4,
                    "max": 5,
                    "min": 4
                  }
                ],
                "fixed_scale": []
              }
            ],
            "status": "running",
            "timeouts": null,
            "version": "1.24",
            "version_info": [
              {
                "current_version": "1.24",
                "new_revision_available": false,
                "new_revision_summary": "",
                "version_deprecated": false
              }
            ]
          },
          "sensitive_attributes": [],
          "private": "eyJlMmJmYjczMC1lY2FhLTExZTYtOGY4OC0zNDM2M2JjN2M0YzAiOnsiY3JlYXRlIjozNjAwMDAwMDAwMDAwLCJkZWxldGUiOjEyMDAwMDAwMDAwMDAsInJlYWQiOjYwMDAwMDAwMDAwMCwidXBkYXRlIjozNjAwMDAwMDAwMDAwfX0=",
          "dependencies": [
            "yandex_kubernetes_cluster.k8s-cluster"
          ]
        }
      ]
    }
  ]
}
