{
  "version": 4,
  "terraform_version": "1.1.5",
  "serial": 54,
  "lineage": "82f2b87c-210a-3cd9-4629-18993b499673",
  "outputs": {
    "cluster_external_v4_endpoint": {
      "value": "https://158.160.63.210",
      "type": "string"
    }
  },
  "resources": [
    {
      "mode": "managed",
      "type": "yandex_kubernetes_cluster",
      "name": "k8s-cluster",
      "provider": "provider[\"registry.terraform.io/yandex-cloud/yandex\"]",
      "instances": [
        {
          "schema_version": 0,
          "attributes": {
            "cluster_ipv4_range": "10.112.0.0/16",
            "cluster_ipv6_range": "",
            "created_at": "2023-04-02T10:14:57Z",
            "description": "",
            "folder_id": "b1gf0t46quh91ma3q0m1",
            "health": "healthy",
            "id": "cat6o6151vrnlefuhaag",
            "kms_provider": [],
            "labels": {},
            "log_group_id": "ckgdhhi21qm8tvabr06v",
            "master": [
              {
                "cluster_ca_certificate": "-----BEGIN CERTIFICATE-----\nMIIC5zCCAc+gAwIBAgIBADANBgkqhkiG9w0BAQsFADAVMRMwEQYDVQQDEwprdWJl\ncm5ldGVzMB4XDTIzMDQwMjEwMTQ1OVoXDTMzMDMzMDEwMTQ1OVowFTETMBEGA1UE\nAxMKa3ViZXJuZXRlczCCASIwDQYJKoZIhvcNAQEBBQADggEPADCCAQoCggEBAKvK\nIMd9Rlm8fHzqc4hhuuYr2xIgWJoAmi2cqKYidBCU8E9QpMAVX4jmpHTwcZjyVE23\nSG1HMHs5hBUbWGFBB4V/3kgqzPUb3j6qwYuQdUUCaK7gYCuvjQ1c0TrnxtY/K+K0\nc7nhsN2OP9D0u7kHU5uR5wfECDysPAhXV9meEBYLMFz8jCSR4Vp97gRO1rjgtmCC\nAjONJ/daDTjf4r0tk+H/mwlAzsjaMqgQzehDCHEiiZDzxIRw4nnRprFCh7Snj0hq\nR/MfWN8IcmG41Ea6O/+fjDOVvrvD0vv4ecJvE+Eet4NuQnNg0VB/dQ9N6LTniXu/\nOlhz/Ks2cMCc0RZ7uXsCAwEAAaNCMEAwDgYDVR0PAQH/BAQDAgKkMA8GA1UdEwEB\n/wQFMAMBAf8wHQYDVR0OBBYEFOeJBVkLhfS1B1eVXpeHWI1i0EjPMA0GCSqGSIb3\nDQEBCwUAA4IBAQCMHTBLWH5UWyJ4F+MpXiKaPXlgEYMaogpijaVuCUtWI6v01aRb\nODsX7GpHb0ekCHNWgBeF4UFsRPJJY+uRICYjAIRKX9YLkMro9/IwISowsNCOBtUv\nUiQaHg9Tj07ilhpI+OIud3RZzcikh9ojQeQYAj6FZiLIcRDqCUWdQQQpKu5TUnUn\nzVTU043x+ahrkgQSMNI+WsfzzIB8Er6vTqJ+RPT0CdJ201wfOJLcpdBgo30C+SqB\nbkmkdtC0Tx+V0wMriOPqIGMCaTPy5S/ch+XAppcjsGdW0VYdUlN2zvx5BIV5RFaW\n6WzqJ8pO6/O9Hjaku0kzP4HU03wd0A65uFno\n-----END CERTIFICATE-----\n",
                "external_v4_address": "158.160.63.210",
                "external_v4_endpoint": "https://158.160.63.210",
                "external_v6_address": "",
                "external_v6_endpoint": "",
                "internal_v4_address": "10.128.0.6",
                "internal_v4_endpoint": "https://10.128.0.6",
                "maintenance_policy": [
                  {
                    "auto_upgrade": true,
                    "maintenance_window": []
                  }
                ],
                "master_logging": [],
                "public_ip": true,
                "regional": [],
                "security_group_ids": null,
                "version": "1.24",
                "version_info": [
                  {
                    "current_version": "1.24",
                    "new_revision_available": false,
                    "new_revision_summary": "",
                    "version_deprecated": false
                  }
                ],
                "zonal": [
                  {
                    "subnet_id": "e9bmlk8v6q1ggh0iv0m8",
                    "zone": "ru-central1-a"
                  }
                ]
              }
            ],
            "name": "k8s-otus",
            "network_id": "enp67lv83b2vf4bjd1fu",
            "network_implementation": [],
            "network_policy_provider": "CALICO",
            "node_ipv4_cidr_mask_size": 24,
            "node_service_account_id": "aje4mkkkmtnektkhf0kp",
            "release_channel": "RAPID",
            "service_account_id": "aje4mkkkmtnektkhf0kp",
            "service_ipv4_range": "10.96.0.0/16",
            "service_ipv6_range": "",
            "status": "running",
            "timeouts": null
          },
          "sensitive_attributes": [],
          "private": "eyJlMmJmYjczMC1lY2FhLTExZTYtOGY4OC0zNDM2M2JjN2M0YzAiOnsiY3JlYXRlIjoxODAwMDAwMDAwMDAwLCJkZWxldGUiOjEyMDAwMDAwMDAwMDAsInJlYWQiOjMwMDAwMDAwMDAwMCwidXBkYXRlIjoxODAwMDAwMDAwMDAwfX0="
        }
      ]
    },
    {
      "mode": "managed",
      "type": "yandex_kubernetes_node_group",
      "name": "default-pool",
      "provider": "provider[\"registry.terraform.io/yandex-cloud/yandex\"]",
      "instances": [
        {
          "schema_version": 0,
          "attributes": {
            "allocation_policy": [
              {
                "location": [
                  {
                    "subnet_id": "e9bmlk8v6q1ggh0iv0m8",
                    "zone": "ru-central1-a"
                  }
                ]
              }
            ],
            "allowed_unsafe_sysctls": null,
            "cluster_id": "cat6o6151vrnlefuhaag",
            "created_at": "2023-04-02T10:22:31Z",
            "deploy_policy": [
              {
                "max_expansion": 3,
                "max_unavailable": 0
              }
            ],
            "description": "",
            "id": "cath2kiau0724na5t7ml",
            "instance_group_id": "cl1m6rhdh6j6ra4i1j57",
            "instance_template": [
              {
                "boot_disk": [
                  {
                    "size": 93,
                    "type": "network-hdd"
                  }
                ],
                "container_runtime": [
                  {
                    "type": "containerd"
                  }
                ],
                "labels": null,
                "metadata": {
                  "ssh-keys": "appuser:ssh-rsa AAAAB3NzaC1yc2EAAAADAQABAAABgQCwPD7TJq7rkmQIiu+4+FSEFY83BDA6l/UYhnDOl063z/QyOdGIbX6KbGqfzeV2rh+/HmMgZxyH9OQoGsU6YlDP/DUGWxGSXK3B2Mn4huWD3cxLcJcSq8unSu9WCFXi36cnXDmwfRVp8I6nKplI8nMhxHohyvlqI7dEUu2Nd/woQsxcfbUd3/vSDLO+ngbSzJkyBfAypEu40S7xwROBvdT1q7pH3tmzbHA8Fk4RubMBwRKLd+2466loHY4q/ZRq+9YwKbti1i+QzhsdS4zswj2EH6uqljema1JdvSNgLe1d10f1GIm0RczZGCY+tjGSMxx/9gNcHfs6oxeIqJJ/5ZNOBF7KPaFzUq37B3inbjKdIkMH9IPVHEUix2X6b/mneAPlACR4ZvCFvMdgNuKB4DlUl3w2ci1kBm6PGwt+QaInFtPRIuYKXshNfgknaCvt3cYZD4z2SoDS1PUDwqNau8gJ9Ro9Jza1Lh0yQbHQo2GyXmOrMOFbnU4FDlwNntRQ1Sk= lookus@ubuntu20\n"
                },
                "name": "",
                "nat": true,
                "network_acceleration_type": "type_unspecified",
                "network_interface": [
                  {
                    "ipv4": true,
                    "ipv4_dns_records": [],
                    "ipv6": false,
                    "ipv6_dns_records": [],
                    "nat": true,
                    "security_group_ids": null,
                    "subnet_ids": [
                      "e9bmlk8v6q1ggh0iv0m8"
                    ]
                  }
                ],
                "placement_policy": [],
                "platform_id": "standard-v2",
                "resources": [
                  {
                    "core_fraction": 100,
                    "cores": 2,
                    "gpus": 0,
                    "memory": 8
                  }
                ],
                "scheduling_policy": [
                  {
                    "preemptible": false
                  }
                ]
              }
            ],
            "labels": {},
            "maintenance_policy": [
              {
                "auto_repair": true,
                "auto_upgrade": true,
                "maintenance_window": []
              }
            ],
            "name": "default-pool",
            "node_labels": null,
            "node_taints": null,
            "scale_policy": [
              {
                "auto_scale": [
                  {
                    "initial": 3,
                    "max": 3,
                    "min": 1
                  }
                ],
                "fixed_scale": []
              }
            ],
            "status": "running",
            "timeouts": null,
            "version": "1.24",
            "version_info": [
              {
                "current_version": "1.24",
                "new_revision_available": false,
                "new_revision_summary": "",
                "version_deprecated": false
              }
            ]
          },
          "sensitive_attributes": [],
          "private": "eyJlMmJmYjczMC1lY2FhLTExZTYtOGY4OC0zNDM2M2JjN2M0YzAiOnsiY3JlYXRlIjozNjAwMDAwMDAwMDAwLCJkZWxldGUiOjEyMDAwMDAwMDAwMDAsInJlYWQiOjYwMDAwMDAwMDAwMCwidXBkYXRlIjozNjAwMDAwMDAwMDAwfX0=",
          "dependencies": [
            "yandex_kubernetes_cluster.k8s-cluster"
          ]
        }
      ]
    }
  ]
}
