{
  "version": 4,
  "terraform_version": "1.1.5",
  "serial": 60,
  "lineage": "82f2b87c-210a-3cd9-4629-18993b499673",
  "outputs": {
    "cluster_external_v4_endpoint": {
      "value": "https://84.252.128.95",
      "type": "string"
    }
  },
  "resources": [
    {
      "mode": "managed",
      "type": "yandex_kubernetes_cluster",
      "name": "k8s-cluster",
      "provider": "provider[\"registry.terraform.io/yandex-cloud/yandex\"]",
      "instances": [
        {
          "schema_version": 0,
          "attributes": {
            "cluster_ipv4_range": "10.112.0.0/16",
            "cluster_ipv6_range": "",
            "created_at": "2023-04-15T10:41:52Z",
            "description": "",
            "folder_id": "b1gf0t46quh91ma3q0m1",
            "health": "healthy",
            "id": "cathrav50eo6bc725rba",
            "kms_provider": [],
            "labels": {},
            "log_group_id": "ckgc24ht1q2vj5j1nqsh",
            "master": [
              {
                "cluster_ca_certificate": "-----BEGIN CERTIFICATE-----\nMIIC5zCCAc+gAwIBAgIBADANBgkqhkiG9w0BAQsFADAVMRMwEQYDVQQDEwprdWJl\ncm5ldGVzMB4XDTIzMDQxNTEwNDE1M1oXDTMzMDQxMjEwNDE1M1owFTETMBEGA1UE\nAxMKa3ViZXJuZXRlczCCASIwDQYJKoZIhvcNAQEBBQADggEPADCCAQoCggEBAKg+\ntD6oP6nEaSLIrdVLxLw6SdW/6YBaw8n6FtrlAYIr3vjoarefcqrQfGnI1zKFlM8c\nC2lpgCVu1ti+z+tsMjql/7JPAmKUGm1WuLJX1wSpkqbKAOGQbMSZX2s+1t3CpuGy\ncNLlJdbPJI+w+18LjC2nWV0Sf2GJQGVgOjVG2D3DvMNBS17IyJsQIPV85yLOcVbL\nSpck86L5/gj/5QIFreXzBZ0QAO20zoTBk3r3mlQuQn3vgAO0uy8pt1yHw8J5iq/D\nSv2EK7Qb0ECPFP4c0Sub2HtSETQCIcNZVS706yfJgL4HNfLxnRs53jQdwGaAwDt9\nzzoeUR/yTf34MsZyXE0CAwEAAaNCMEAwDgYDVR0PAQH/BAQDAgKkMA8GA1UdEwEB\n/wQFMAMBAf8wHQYDVR0OBBYEFDBlmIo/EpR6kB2l3Rmc6FokEgz9MA0GCSqGSIb3\nDQEBCwUAA4IBAQChabFwBqH9WJA0lYYp5LAPZNRlQ4RNSdFzWigLI8K4CahtsuM+\nY0kIYmPu1w3XtKUSWKZZMSXdjFkH2ZWmQkpdyn/xiAvKlQGCsGLwN257LPXGCv34\nzNQAizNKfYkGZIkX44yhiq6/RMaXQi5H0kvHzTRt9xy8iTBw4eKNmpxvSoUkaxi+\nnHiQBTts9OUG3BfxPFeXKcTQvGfm3DUSY8idmzKKenSsOM/lcdENJo/rRe9gfbc0\n4wCvtSWFYanFi1ngY+0EC/SDvBqsC0fnL2CemjwSDYqFMe/JkLhqTTOEkkOcoQtn\nzL90CPrhc/xJNQ+n3lWoGtO61Vm40JwZY9f+\n-----END CERTIFICATE-----\n",
                "external_v4_address": "84.252.128.95",
                "external_v4_endpoint": "https://84.252.128.95",
                "internal_v4_address": "10.128.0.31",
                "internal_v4_endpoint": "https://10.128.0.31",
                "maintenance_policy": [
                  {
                    "auto_upgrade": true,
                    "maintenance_window": []
                  }
                ],
                "public_ip": true,
                "regional": [],
                "security_group_ids": null,
                "version": "1.24",
                "version_info": [
                  {
                    "current_version": "1.24",
                    "new_revision_available": false,
                    "new_revision_summary": "",
                    "version_deprecated": false
                  }
                ],
                "zonal": [
                  {
                    "subnet_id": "e9bmlk8v6q1ggh0iv0m8",
                    "zone": "ru-central1-a"
                  }
                ]
              }
            ],
            "name": "k8s-otus",
            "network_id": "enp67lv83b2vf4bjd1fu",
            "network_implementation": [],
            "network_policy_provider": "CALICO",
            "node_ipv4_cidr_mask_size": 24,
            "node_service_account_id": "aje4mkkkmtnektkhf0kp",
            "release_channel": "RAPID",
            "service_account_id": "aje4mkkkmtnektkhf0kp",
            "service_ipv4_range": "10.96.0.0/16",
            "service_ipv6_range": "",
            "status": "running",
            "timeouts": null
          },
          "sensitive_attributes": [],
          "private": "eyJlMmJmYjczMC1lY2FhLTExZTYtOGY4OC0zNDM2M2JjN2M0YzAiOnsiY3JlYXRlIjoxODAwMDAwMDAwMDAwLCJkZWxldGUiOjEyMDAwMDAwMDAwMDAsInJlYWQiOjMwMDAwMDAwMDAwMCwidXBkYXRlIjoxODAwMDAwMDAwMDAwfX0="
        }
      ]
    },
    {
      "mode": "managed",
      "type": "yandex_kubernetes_node_group",
      "name": "default-pool",
      "provider": "provider[\"registry.terraform.io/yandex-cloud/yandex\"]",
      "instances": [
        {
          "schema_version": 0,
          "attributes": {
            "allocation_policy": [
              {
                "location": [
                  {
                    "subnet_id": "e9bmlk8v6q1ggh0iv0m8",
                    "zone": "ru-central1-a"
                  }
                ]
              }
            ],
            "allowed_unsafe_sysctls": null,
            "cluster_id": "cathrav50eo6bc725rba",
            "created_at": "2023-04-15T10:50:06Z",
            "deploy_policy": [
              {
                "max_expansion": 3,
                "max_unavailable": 0
              }
            ],
            "description": "",
            "id": "catq36e4134dvheatst0",
            "instance_group_id": "cl1itdqp6gurjnq45925",
            "instance_template": [
              {
                "boot_disk": [
                  {
                    "size": 93,
                    "type": "network-hdd"
                  }
                ],
                "container_runtime": [
                  {
                    "type": "containerd"
                  }
                ],
                "labels": null,
                "metadata": {
                  "ssh-keys": "appuser:ssh-rsa AAAAB3NzaC1yc2EAAAADAQABAAABgQCwPD7TJq7rkmQIiu+4+FSEFY83BDA6l/UYhnDOl063z/QyOdGIbX6KbGqfzeV2rh+/HmMgZxyH9OQoGsU6YlDP/DUGWxGSXK3B2Mn4huWD3cxLcJcSq8unSu9WCFXi36cnXDmwfRVp8I6nKplI8nMhxHohyvlqI7dEUu2Nd/woQsxcfbUd3/vSDLO+ngbSzJkyBfAypEu40S7xwROBvdT1q7pH3tmzbHA8Fk4RubMBwRKLd+2466loHY4q/ZRq+9YwKbti1i+QzhsdS4zswj2EH6uqljema1JdvSNgLe1d10f1GIm0RczZGCY+tjGSMxx/9gNcHfs6oxeIqJJ/5ZNOBF7KPaFzUq37B3inbjKdIkMH9IPVHEUix2X6b/mneAPlACR4ZvCFvMdgNuKB4DlUl3w2ci1kBm6PGwt+QaInFtPRIuYKXshNfgknaCvt3cYZD4z2SoDS1PUDwqNau8gJ9Ro9Jza1Lh0yQbHQo2GyXmOrMOFbnU4FDlwNntRQ1Sk= lookus@ubuntu20\n"
                },
                "name": "",
                "nat": true,
                "network_acceleration_type": "type_unspecified",
                "network_interface": [
                  {
                    "ipv4": true,
                    "ipv4_dns_records": [],
                    "ipv6": false,
                    "ipv6_dns_records": [],
                    "nat": true,
                    "security_group_ids": null,
                    "subnet_ids": [
                      "e9bmlk8v6q1ggh0iv0m8"
                    ]
                  }
                ],
                "placement_policy": [],
                "platform_id": "standard-v2",
                "resources": [
                  {
                    "core_fraction": 100,
                    "cores": 2,
                    "gpus": 0,
                    "memory": 8
                  }
                ],
                "scheduling_policy": [
                  {
                    "preemptible": false
                  }
                ]
              }
            ],
            "labels": {},
            "maintenance_policy": [
              {
                "auto_repair": true,
                "auto_upgrade": true,
                "maintenance_window": []
              }
            ],
            "name": "default-pool",
            "node_labels": null,
            "node_taints": null,
            "scale_policy": [
              {
                "auto_scale": [],
                "fixed_scale": [
                  {
                    "size": 1
                  }
                ]
              }
            ],
            "status": "running",
            "timeouts": null,
            "version": "1.24",
            "version_info": [
              {
                "current_version": "1.24",
                "new_revision_available": false,
                "new_revision_summary": "",
                "version_deprecated": false
              }
            ]
          },
          "sensitive_attributes": [],
          "private": "eyJlMmJmYjczMC1lY2FhLTExZTYtOGY4OC0zNDM2M2JjN2M0YzAiOnsiY3JlYXRlIjozNjAwMDAwMDAwMDAwLCJkZWxldGUiOjEyMDAwMDAwMDAwMDAsInJlYWQiOjYwMDAwMDAwMDAwMCwidXBkYXRlIjozNjAwMDAwMDAwMDAwfX0=",
          "dependencies": [
            "yandex_kubernetes_cluster.k8s-cluster"
          ]
        }
      ]
    }
  ]
}
