{
  "version": 4,
  "terraform_version": "1.1.5",
  "serial": 21,
  "lineage": "82f2b87c-210a-3cd9-4629-18993b499673",
  "outputs": {
    "cluster_external_v4_endpoint": {
      "value": "https://158.160.47.124",
      "type": "string"
    }
  },
  "resources": [
    {
      "mode": "managed",
      "type": "yandex_kubernetes_cluster",
      "name": "k8s-cluster",
      "provider": "provider[\"registry.terraform.io/yandex-cloud/yandex\"]",
      "instances": [
        {
          "schema_version": 0,
          "attributes": {
            "cluster_ipv4_range": "10.112.0.0/16",
            "cluster_ipv6_range": "",
            "created_at": "2023-03-23T11:52:48Z",
            "description": "",
            "folder_id": "b1gf0t46quh91ma3q0m1",
            "health": "healthy",
            "id": "catln5etckl028f3f97e",
            "kms_provider": [],
            "labels": {},
            "log_group_id": "ckgpe85lin2rjjnhr1d8",
            "master": [
              {
                "cluster_ca_certificate": "-----BEGIN CERTIFICATE-----\nMIIC5zCCAc+gAwIBAgIBADANBgkqhkiG9w0BAQsFADAVMRMwEQYDVQQDEwprdWJl\ncm5ldGVzMB4XDTIzMDMyMzExNTI1MFoXDTMzMDMyMDExNTI1MFowFTETMBEGA1UE\nAxMKa3ViZXJuZXRlczCCASIwDQYJKoZIhvcNAQEBBQADggEPADCCAQoCggEBAK69\nL5TRcES4TDhqnhXvO84EDkyUJxrDfa7Nb7prgYBNPqve21VLMeqjIH0C0nRdWs35\nekiEwaU+SaBNYVWdobey/Ot6SeA/JHCQL+u4rzEgHmdJhSUkctHx78phHpCUmC5v\nkupRlek5IQXExpVirO42mtJ7fVeuS5aoZclv6B9o5dDxRXyDcSFmMzz6gWtjkhtU\nmTm5tJsHBZbuUSxlVaf58Ud4sm2D0mLWmF5JNOgqClvGfD28nnynKE06xUKiKwLQ\nBM6jmXmzSh7c8xAx5BCgxqwtRJVL0BZkMJkEnv2viTZk4hWN0NiasqyHfOml7Wf7\nTCOj17pK76OjC0o9G4UCAwEAAaNCMEAwDgYDVR0PAQH/BAQDAgKkMA8GA1UdEwEB\n/wQFMAMBAf8wHQYDVR0OBBYEFEa7++0FDUnmFaNxVrXoTIu1NuYoMA0GCSqGSIb3\nDQEBCwUAA4IBAQAU7fVqi7pDaODvUrq9BfCWEA3AqbMrPE3QjwGBiAWrrNbFqFZw\ne/rIuNeSDyT4gkdEfn99PTA4ZBSoW3dn3eDVLfTPR72tuP61dM4CNpZdDEKwZfSb\nnFZZC8imuYUevKC0IhnJ3+HMmUptIOx9xRgV2QiSMxNzcNjnlo14vsnDW3eyf+fp\ncm2sh073WhLWo8AMAOzZb2ONNHPKAYk7rp/3gUx2jySejxe5AjRMEkE8lRTiamhu\nlQrkcIQHyn/fgiVTfyU3Q9mtGvkDVRQKLfoh/Paqp5zQr2VHWOp48gS9R4XSj+08\nj/yCVH+aqMjXOYN7g6D0JNbPvbbG9bKTPs1X\n-----END CERTIFICATE-----\n",
                "external_v4_address": "158.160.47.124",
                "external_v4_endpoint": "https://158.160.47.124",
                "internal_v4_address": "10.128.0.19",
                "internal_v4_endpoint": "https://10.128.0.19",
                "maintenance_policy": [
                  {
                    "auto_upgrade": true,
                    "maintenance_window": []
                  }
                ],
                "public_ip": true,
                "regional": [],
                "security_group_ids": null,
                "version": "1.23",
                "version_info": [
                  {
                    "current_version": "1.23",
                    "new_revision_available": false,
                    "new_revision_summary": "",
                    "version_deprecated": false
                  }
                ],
                "zonal": [
                  {
                    "subnet_id": "e9bmlk8v6q1ggh0iv0m8",
                    "zone": "ru-central1-a"
                  }
                ]
              }
            ],
            "name": "k8s-otus",
            "network_id": "enp67lv83b2vf4bjd1fu",
            "network_implementation": [],
            "network_policy_provider": "CALICO",
            "node_ipv4_cidr_mask_size": 24,
            "node_service_account_id": "aje4mkkkmtnektkhf0kp",
            "release_channel": "RAPID",
            "service_account_id": "aje4mkkkmtnektkhf0kp",
            "service_ipv4_range": "10.96.0.0/16",
            "service_ipv6_range": "",
            "status": "running",
            "timeouts": null
          },
          "sensitive_attributes": [],
          "private": "eyJlMmJmYjczMC1lY2FhLTExZTYtOGY4OC0zNDM2M2JjN2M0YzAiOnsiY3JlYXRlIjoxODAwMDAwMDAwMDAwLCJkZWxldGUiOjEyMDAwMDAwMDAwMDAsInJlYWQiOjMwMDAwMDAwMDAwMCwidXBkYXRlIjoxODAwMDAwMDAwMDAwfX0="
        }
      ]
    },
    {
      "mode": "managed",
      "type": "yandex_kubernetes_node_group",
      "name": "default-pool",
      "provider": "provider[\"registry.terraform.io/yandex-cloud/yandex\"]",
      "instances": [
        {
          "schema_version": 0,
          "attributes": {
            "allocation_policy": [
              {
                "location": [
                  {
                    "subnet_id": "e9bmlk8v6q1ggh0iv0m8",
                    "zone": "ru-central1-a"
                  }
                ]
              }
            ],
            "allowed_unsafe_sysctls": null,
            "cluster_id": "catln5etckl028f3f97e",
            "created_at": "2023-03-23T12:00:08Z",
            "deploy_policy": [
              {
                "max_expansion": 3,
                "max_unavailable": 0
              }
            ],
            "description": "",
            "id": "catmr74fadp5f6ena3r2",
            "instance_group_id": "cl1gpea7ejjpk3v01ucd",
            "instance_template": [
              {
                "boot_disk": [
                  {
                    "size": 93,
                    "type": "network-ssd-nonreplicated"
                  }
                ],
                "container_runtime": [
                  {
                    "type": "containerd"
                  }
                ],
                "labels": null,
                "metadata": {
                  "ssh-keys": "appuser:ssh-rsa AAAAB3NzaC1yc2EAAAADAQABAAABgQCwPD7TJq7rkmQIiu+4+FSEFY83BDA6l/UYhnDOl063z/QyOdGIbX6KbGqfzeV2rh+/HmMgZxyH9OQoGsU6YlDP/DUGWxGSXK3B2Mn4huWD3cxLcJcSq8unSu9WCFXi36cnXDmwfRVp8I6nKplI8nMhxHohyvlqI7dEUu2Nd/woQsxcfbUd3/vSDLO+ngbSzJkyBfAypEu40S7xwROBvdT1q7pH3tmzbHA8Fk4RubMBwRKLd+2466loHY4q/ZRq+9YwKbti1i+QzhsdS4zswj2EH6uqljema1JdvSNgLe1d10f1GIm0RczZGCY+tjGSMxx/9gNcHfs6oxeIqJJ/5ZNOBF7KPaFzUq37B3inbjKdIkMH9IPVHEUix2X6b/mneAPlACR4ZvCFvMdgNuKB4DlUl3w2ci1kBm6PGwt+QaInFtPRIuYKXshNfgknaCvt3cYZD4z2SoDS1PUDwqNau8gJ9Ro9Jza1Lh0yQbHQo2GyXmOrMOFbnU4FDlwNntRQ1Sk= lookus@ubuntu20\n"
                },
                "name": "",
                "nat": true,
                "network_acceleration_type": "type_unspecified",
                "network_interface": [
                  {
                    "ipv4": true,
                    "ipv4_dns_records": [],
                    "ipv6": false,
                    "ipv6_dns_records": [],
                    "nat": true,
                    "security_group_ids": null,
                    "subnet_ids": [
                      "e9bmlk8v6q1ggh0iv0m8"
                    ]
                  }
                ],
                "placement_policy": [],
                "platform_id": "standard-v2",
                "resources": [
                  {
                    "core_fraction": 100,
                    "cores": 2,
                    "gpus": 0,
                    "memory": 8
                  }
                ],
                "scheduling_policy": [
                  {
                    "preemptible": false
                  }
                ]
              }
            ],
            "labels": {},
            "maintenance_policy": [
              {
                "auto_repair": true,
                "auto_upgrade": true,
                "maintenance_window": []
              }
            ],
            "name": "default-pool",
            "node_labels": null,
            "node_taints": null,
            "scale_policy": [
              {
                "auto_scale": [],
                "fixed_scale": [
                  {
                    "size": 1
                  }
                ]
              }
            ],
            "status": "running",
            "timeouts": null,
            "version": "1.23",
            "version_info": [
              {
                "current_version": "1.23",
                "new_revision_available": false,
                "new_revision_summary": "",
                "version_deprecated": false
              }
            ]
          },
          "sensitive_attributes": [],
          "private": "eyJlMmJmYjczMC1lY2FhLTExZTYtOGY4OC0zNDM2M2JjN2M0YzAiOnsiY3JlYXRlIjozNjAwMDAwMDAwMDAwLCJkZWxldGUiOjEyMDAwMDAwMDAwMDAsInJlYWQiOjYwMDAwMDAwMDAwMCwidXBkYXRlIjozNjAwMDAwMDAwMDAwfX0=",
          "dependencies": [
            "yandex_kubernetes_cluster.k8s-cluster"
          ]
        }
      ]
    },
    {
      "mode": "managed",
      "type": "yandex_kubernetes_node_group",
      "name": "infra-pool",
      "provider": "provider[\"registry.terraform.io/yandex-cloud/yandex\"]",
      "instances": [
        {
          "schema_version": 0,
          "attributes": {
            "allocation_policy": [
              {
                "location": [
                  {
                    "subnet_id": "e9bmlk8v6q1ggh0iv0m8",
                    "zone": "ru-central1-a"
                  }
                ]
              }
            ],
            "allowed_unsafe_sysctls": null,
            "cluster_id": "catln5etckl028f3f97e",
            "created_at": "2023-03-23T12:00:08Z",
            "deploy_policy": [
              {
                "max_expansion": 3,
                "max_unavailable": 0
              }
            ],
            "description": "",
            "id": "catsmep3537dpast19ae",
            "instance_group_id": "cl1mqfdgq0b7v43lj89u",
            "instance_template": [
              {
                "boot_disk": [
                  {
                    "size": 93,
                    "type": "network-ssd-nonreplicated"
                  }
                ],
                "container_runtime": [
                  {
                    "type": "containerd"
                  }
                ],
                "labels": null,
                "metadata": {
                  "ssh-keys": "appuser:ssh-rsa AAAAB3NzaC1yc2EAAAADAQABAAABgQCwPD7TJq7rkmQIiu+4+FSEFY83BDA6l/UYhnDOl063z/QyOdGIbX6KbGqfzeV2rh+/HmMgZxyH9OQoGsU6YlDP/DUGWxGSXK3B2Mn4huWD3cxLcJcSq8unSu9WCFXi36cnXDmwfRVp8I6nKplI8nMhxHohyvlqI7dEUu2Nd/woQsxcfbUd3/vSDLO+ngbSzJkyBfAypEu40S7xwROBvdT1q7pH3tmzbHA8Fk4RubMBwRKLd+2466loHY4q/ZRq+9YwKbti1i+QzhsdS4zswj2EH6uqljema1JdvSNgLe1d10f1GIm0RczZGCY+tjGSMxx/9gNcHfs6oxeIqJJ/5ZNOBF7KPaFzUq37B3inbjKdIkMH9IPVHEUix2X6b/mneAPlACR4ZvCFvMdgNuKB4DlUl3w2ci1kBm6PGwt+QaInFtPRIuYKXshNfgknaCvt3cYZD4z2SoDS1PUDwqNau8gJ9Ro9Jza1Lh0yQbHQo2GyXmOrMOFbnU4FDlwNntRQ1Sk= lookus@ubuntu20\n"
                },
                "name": "",
                "nat": true,
                "network_acceleration_type": "type_unspecified",
                "network_interface": [
                  {
                    "ipv4": true,
                    "ipv4_dns_records": [],
                    "ipv6": false,
                    "ipv6_dns_records": [],
                    "nat": true,
                    "security_group_ids": null,
                    "subnet_ids": [
                      "e9bmlk8v6q1ggh0iv0m8"
                    ]
                  }
                ],
                "placement_policy": [],
                "platform_id": "standard-v2",
                "resources": [
                  {
                    "core_fraction": 100,
                    "cores": 2,
                    "gpus": 0,
                    "memory": 8
                  }
                ],
                "scheduling_policy": [
                  {
                    "preemptible": false
                  }
                ]
              }
            ],
            "labels": {},
            "maintenance_policy": [
              {
                "auto_repair": true,
                "auto_upgrade": true,
                "maintenance_window": []
              }
            ],
            "name": "infra-pool",
            "node_labels": null,
            "node_taints": null,
            "scale_policy": [
              {
                "auto_scale": [],
                "fixed_scale": [
                  {
                    "size": 3
                  }
                ]
              }
            ],
            "status": "running",
            "timeouts": null,
            "version": "1.23",
            "version_info": [
              {
                "current_version": "1.23",
                "new_revision_available": false,
                "new_revision_summary": "",
                "version_deprecated": false
              }
            ]
          },
          "sensitive_attributes": [],
          "private": "eyJlMmJmYjczMC1lY2FhLTExZTYtOGY4OC0zNDM2M2JjN2M0YzAiOnsiY3JlYXRlIjozNjAwMDAwMDAwMDAwLCJkZWxldGUiOjEyMDAwMDAwMDAwMDAsInJlYWQiOjYwMDAwMDAwMDAwMCwidXBkYXRlIjozNjAwMDAwMDAwMDAwfX0=",
          "dependencies": [
            "yandex_kubernetes_cluster.k8s-cluster"
          ]
        }
      ]
    }
  ]
}
